// !$*UTF8*$!
{
	archiveVersion = 1;
	classes = {
	};
	objectVersion = 56;
	objects = {

/* Begin PBXBuildFile section */
		70C11DF42B2F3DC000EC3220 /* TicketApp.swift in Sources */ = {isa = PBXBuildFile; fileRef = 70C11DF32B2F3DC000EC3220 /* TicketApp.swift */; };
		70C11DF62B2F3DC000EC3220 /* ContentView.swift in Sources */ = {isa = PBXBuildFile; fileRef = 70C11DF52B2F3DC000EC3220 /* ContentView.swift */; };
		70C11DF82B2F3DC200EC3220 /* Assets.xcassets in Resources */ = {isa = PBXBuildFile; fileRef = 70C11DF72B2F3DC200EC3220 /* Assets.xcassets */; };
		70C11DFB2B2F3DC200EC3220 /* Preview Assets.xcassets in Resources */ = {isa = PBXBuildFile; fileRef = 70C11DFA2B2F3DC200EC3220 /* Preview Assets.xcassets */; };
		70C11E072B2F423200EC3220 /* CircleBackground.swift in Sources */ = {isa = PBXBuildFile; fileRef = 70C11E062B2F423200EC3220 /* CircleBackground.swift */; };
		70C11E092B2F42C100EC3220 /* StatusUI.swift in Sources */ = {isa = PBXBuildFile; fileRef = 70C11E082B2F42C100EC3220 /* StatusUI.swift */; };
		70C11E0B2B2F433800EC3220 /* TicketModel.swift in Sources */ = {isa = PBXBuildFile; fileRef = 70C11E0A2B2F433800EC3220 /* TicketModel.swift */; };
		70C11E0D2B2F437800EC3220 /* PosterData.swift in Sources */ = {isa = PBXBuildFile; fileRef = 70C11E0C2B2F437800EC3220 /* PosterData.swift */; };
		70C11E102B2F43D500EC3220 /* TimeButton.swift in Sources */ = {isa = PBXBuildFile; fileRef = 70C11E0F2B2F43D500EC3220 /* TimeButton.swift */; };
		70C11E122B2F444C00EC3220 /* DateButton.swift in Sources */ = {isa = PBXBuildFile; fileRef = 70C11E112B2F444B00EC3220 /* DateButton.swift */; };
		70C11E142B2F448E00EC3220 /* CircleButton.swift in Sources */ = {isa = PBXBuildFile; fileRef = 70C11E132B2F448E00EC3220 /* CircleButton.swift */; };
		70C11E162B2F44B600EC3220 /* LargeButton.swift in Sources */ = {isa = PBXBuildFile; fileRef = 70C11E152B2F44B600EC3220 /* LargeButton.swift */; };
		70C11E182B2F44FB00EC3220 /* RoundButton.swift in Sources */ = {isa = PBXBuildFile; fileRef = 70C11E172B2F44FB00EC3220 /* RoundButton.swift */; };
		70C11E1A2B303B8000EC3220 /* Utilities.swift in Sources */ = {isa = PBXBuildFile; fileRef = 70C11E192B303B8000EC3220 /* Utilities.swift */; };
		70C11E1C2B304C2800EC3220 /* TicketView.swift in Sources */ = {isa = PBXBuildFile; fileRef = 70C11E1B2B304C2800EC3220 /* TicketView.swift */; };
/* End PBXBuildFile section */

/* Begin PBXFileReference section */
		70C11DF02B2F3DBF00EC3220 /* Ticket.app */ = {isa = PBXFileReference; explicitFileType = wrapper.application; includeInIndex = 0; path = Ticket.app; sourceTree = BUILT_PRODUCTS_DIR; };
		70C11DF32B2F3DC000EC3220 /* TicketApp.swift */ = {isa = PBXFileReference; lastKnownFileType = sourcecode.swift; path = TicketApp.swift; sourceTree = "<group>"; };
		70C11DF52B2F3DC000EC3220 /* ContentView.swift */ = {isa = PBXFileReference; lastKnownFileType = sourcecode.swift; path = ContentView.swift; sourceTree = "<group>"; };
		70C11DF72B2F3DC200EC3220 /* Assets.xcassets */ = {isa = PBXFileReference; lastKnownFileType = folder.assetcatalog; path = Assets.xcassets; sourceTree = "<group>"; };
		70C11DFA2B2F3DC200EC3220 /* Preview Assets.xcassets */ = {isa = PBXFileReference; lastKnownFileType = folder.assetcatalog; path = "Preview Assets.xcassets"; sourceTree = "<group>"; };
		70C11E062B2F423200EC3220 /* CircleBackground.swift */ = {isa = PBXFileReference; lastKnownFileType = sourcecode.swift; path = CircleBackground.swift; sourceTree = "<group>"; };
		70C11E082B2F42C100EC3220 /* StatusUI.swift */ = {isa = PBXFileReference; lastKnownFileType = sourcecode.swift; path = StatusUI.swift; sourceTree = "<group>"; };
		70C11E0A2B2F433800EC3220 /* TicketModel.swift */ = {isa = PBXFileReference; lastKnownFileType = sourcecode.swift; path = TicketModel.swift; sourceTree = "<group>"; };
		70C11E0C2B2F437800EC3220 /* PosterData.swift */ = {isa = PBXFileReference; lastKnownFileType = sourcecode.swift; path = PosterData.swift; sourceTree = "<group>"; };
		70C11E0F2B2F43D500EC3220 /* TimeButton.swift */ = {isa = PBXFileReference; lastKnownFileType = sourcecode.swift; path = TimeButton.swift; sourceTree = "<group>"; };
		70C11E112B2F444B00EC3220 /* DateButton.swift */ = {isa = PBXFileReference; lastKnownFileType = sourcecode.swift; path = DateButton.swift; sourceTree = "<group>"; };
		70C11E132B2F448E00EC3220 /* CircleButton.swift */ = {isa = PBXFileReference; lastKnownFileType = sourcecode.swift; path = CircleButton.swift; sourceTree = "<group>"; };
		70C11E152B2F44B600EC3220 /* LargeButton.swift */ = {isa = PBXFileReference; lastKnownFileType = sourcecode.swift; path = LargeButton.swift; sourceTree = "<group>"; };
		70C11E172B2F44FB00EC3220 /* RoundButton.swift */ = {isa = PBXFileReference; lastKnownFileType = sourcecode.swift; path = RoundButton.swift; sourceTree = "<group>"; };
		70C11E192B303B8000EC3220 /* Utilities.swift */ = {isa = PBXFileReference; lastKnownFileType = sourcecode.swift; path = Utilities.swift; sourceTree = "<group>"; };
		70C11E1B2B304C2800EC3220 /* TicketView.swift */ = {isa = PBXFileReference; lastKnownFileType = sourcecode.swift; path = TicketView.swift; sourceTree = "<group>"; };
/* End PBXFileReference section */

/* Begin PBXFrameworksBuildPhase section */
		70C11DED2B2F3DBF00EC3220 /* Frameworks */ = {
			isa = PBXFrameworksBuildPhase;
			buildActionMask = 2147483647;
			files = (
			);
			runOnlyForDeploymentPostprocessing = 0;
		};
/* End PBXFrameworksBuildPhase section */

/* Begin PBXGroup section */
		70C11DE72B2F3DBF00EC3220 = {
			isa = PBXGroup;
			children = (
				70C11DF22B2F3DBF00EC3220 /* Ticket */,
				70C11DF12B2F3DBF00EC3220 /* Products */,
			);
			sourceTree = "<group>";
		};
		70C11DF12B2F3DBF00EC3220 /* Products */ = {
			isa = PBXGroup;
			children = (
				70C11DF02B2F3DBF00EC3220 /* Ticket.app */,
			);
			name = Products;
			sourceTree = "<group>";
		};
		70C11DF22B2F3DBF00EC3220 /* Ticket */ = {
			isa = PBXGroup;
			children = (
				70C11E042B2F3F3700EC3220 /* App */,
				70C11E022B2F3E6D00EC3220 /* Models */,
				70C11E012B2F3E5800EC3220 /* Views */,
				70C11E052B2F3F4D00EC3220 /* View Components */,
				70C11E032B2F3E9D00EC3220 /* Utilities */,
				70C11DF72B2F3DC200EC3220 /* Assets.xcassets */,
				70C11DF92B2F3DC200EC3220 /* Preview Content */,
			);
			path = Ticket;
			sourceTree = "<group>";
		};
		70C11DF92B2F3DC200EC3220 /* Preview Content */ = {
			isa = PBXGroup;
			children = (
				70C11DFA2B2F3DC200EC3220 /* Preview Assets.xcassets */,
			);
			path = "Preview Content";
			sourceTree = "<group>";
		};
		70C11E012B2F3E5800EC3220 /* Views */ = {
			isa = PBXGroup;
			children = (
				70C11DF52B2F3DC000EC3220 /* ContentView.swift */,
				70C11E1B2B304C2800EC3220 /* TicketView.swift */,
			);
			path = Views;
			sourceTree = "<group>";
		};
		70C11E022B2F3E6D00EC3220 /* Models */ = {
			isa = PBXGroup;
			children = (
				70C11E0A2B2F433800EC3220 /* TicketModel.swift */,
				70C11E0C2B2F437800EC3220 /* PosterData.swift */,
			);
			path = Models;
			sourceTree = "<group>";
		};
		70C11E032B2F3E9D00EC3220 /* Utilities */ = {
			isa = PBXGroup;
			children = (
				70C11E192B303B8000EC3220 /* Utilities.swift */,
			);
			path = Utilities;
			sourceTree = "<group>";
		};
		70C11E042B2F3F3700EC3220 /* App */ = {
			isa = PBXGroup;
			children = (
				70C11DF32B2F3DC000EC3220 /* TicketApp.swift */,
			);
			path = App;
			sourceTree = "<group>";
		};
		70C11E052B2F3F4D00EC3220 /* View Components */ = {
			isa = PBXGroup;
			children = (
				70C11E0E2B2F43B000EC3220 /* Buttons Views */,
				70C11E062B2F423200EC3220 /* CircleBackground.swift */,
				70C11E082B2F42C100EC3220 /* StatusUI.swift */,
			);
			path = "View Components";
			sourceTree = "<group>";
		};
		70C11E0E2B2F43B000EC3220 /* Buttons Views */ = {
			isa = PBXGroup;
			children = (
				70C11E0F2B2F43D500EC3220 /* TimeButton.swift */,
				70C11E112B2F444B00EC3220 /* DateButton.swift */,
				70C11E132B2F448E00EC3220 /* CircleButton.swift */,
				70C11E152B2F44B600EC3220 /* LargeButton.swift */,
				70C11E172B2F44FB00EC3220 /* RoundButton.swift */,
			);
			path = "Buttons Views";
			sourceTree = "<group>";
		};
/* End PBXGroup section */

/* Begin PBXNativeTarget section */
		70C11DEF2B2F3DBF00EC3220 /* Ticket */ = {
			isa = PBXNativeTarget;
			buildConfigurationList = 70C11DFE2B2F3DC200EC3220 /* Build configuration list for PBXNativeTarget "Ticket" */;
			buildPhases = (
				70C11DEC2B2F3DBF00EC3220 /* Sources */,
				70C11DED2B2F3DBF00EC3220 /* Frameworks */,
				70C11DEE2B2F3DBF00EC3220 /* Resources */,
			);
			buildRules = (
			);
			dependencies = (
			);
			name = Ticket;
			productName = Ticket;
			productReference = 70C11DF02B2F3DBF00EC3220 /* Ticket.app */;
			productType = "com.apple.product-type.application";
		};
/* End PBXNativeTarget section */

/* Begin PBXProject section */
		70C11DE82B2F3DBF00EC3220 /* Project object */ = {
			isa = PBXProject;
			attributes = {
				BuildIndependentTargetsInParallel = 1;
				LastSwiftUpdateCheck = 1500;
				LastUpgradeCheck = 1500;
				TargetAttributes = {
					70C11DEF2B2F3DBF00EC3220 = {
						CreatedOnToolsVersion = 15.0;
					};
				};
			};
			buildConfigurationList = 70C11DEB2B2F3DBF00EC3220 /* Build configuration list for PBXProject "Ticket" */;
			compatibilityVersion = "Xcode 14.0";
			developmentRegion = en;
			hasScannedForEncodings = 0;
			knownRegions = (
				en,
				Base,
			);
			mainGroup = 70C11DE72B2F3DBF00EC3220;
			productRefGroup = 70C11DF12B2F3DBF00EC3220 /* Products */;
			projectDirPath = "";
			projectRoot = "";
			targets = (
				70C11DEF2B2F3DBF00EC3220 /* Ticket */,
			);
		};
/* End PBXProject section */

/* Begin PBXResourcesBuildPhase section */
		70C11DEE2B2F3DBF00EC3220 /* Resources */ = {
			isa = PBXResourcesBuildPhase;
			buildActionMask = 2147483647;
			files = (
				70C11DFB2B2F3DC200EC3220 /* Preview Assets.xcassets in Resources */,
				70C11DF82B2F3DC200EC3220 /* Assets.xcassets in Resources */,
			);
			runOnlyForDeploymentPostprocessing = 0;
		};
/* End PBXResourcesBuildPhase section */

/* Begin PBXSourcesBuildPhase section */
		70C11DEC2B2F3DBF00EC3220 /* Sources */ = {
			isa = PBXSourcesBuildPhase;
			buildActionMask = 2147483647;
			files = (
				70C11E0B2B2F433800EC3220 /* TicketModel.swift in Sources */,
				70C11E1C2B304C2800EC3220 /* TicketView.swift in Sources */,
				70C11E162B2F44B600EC3220 /* LargeButton.swift in Sources */,
				70C11E072B2F423200EC3220 /* CircleBackground.swift in Sources */,
				70C11E0D2B2F437800EC3220 /* PosterData.swift in Sources */,
				70C11E182B2F44FB00EC3220 /* RoundButton.swift in Sources */,
				70C11E142B2F448E00EC3220 /* CircleButton.swift in Sources */,
				70C11E1A2B303B8000EC3220 /* Utilities.swift in Sources */,
				70C11DF62B2F3DC000EC3220 /* ContentView.swift in Sources */,
				70C11E102B2F43D500EC3220 /* TimeButton.swift in Sources */,
				70C11E122B2F444C00EC3220 /* DateButton.swift in Sources */,
				70C11DF42B2F3DC000EC3220 /* TicketApp.swift in Sources */,
				70C11E092B2F42C100EC3220 /* StatusUI.swift in Sources */,
			);
			runOnlyForDeploymentPostprocessing = 0;
		};
/* End PBXSourcesBuildPhase section */

/* Begin XCBuildConfiguration section */
		70C11DFC2B2F3DC200EC3220 /* Debug */ = {
			isa = XCBuildConfiguration;
			buildSettings = {
				ALWAYS_SEARCH_USER_PATHS = NO;
				ASSETCATALOG_COMPILER_GENERATE_SWIFT_ASSET_SYMBOL_EXTENSIONS = YES;
				CLANG_ANALYZER_NONNULL = YES;
				CLANG_ANALYZER_NUMBER_OBJECT_CONVERSION = YES_AGGRESSIVE;
				CLANG_CXX_LANGUAGE_STANDARD = "gnu++20";
				CLANG_ENABLE_MODULES = YES;
				CLANG_ENABLE_OBJC_ARC = YES;
				CLANG_ENABLE_OBJC_WEAK = YES;
				CLANG_WARN_BLOCK_CAPTURE_AUTORELEASING = YES;
				CLANG_WARN_BOOL_CONVERSION = YES;
				CLANG_WARN_COMMA = YES;
				CLANG_WARN_CONSTANT_CONVERSION = YES;
				CLANG_WARN_DEPRECATED_OBJC_IMPLEMENTATIONS = YES;
				CLANG_WARN_DIRECT_OBJC_ISA_USAGE = YES_ERROR;
				CLANG_WARN_DOCUMENTATION_COMMENTS = YES;
				CLANG_WARN_EMPTY_BODY = YES;
				CLANG_WARN_ENUM_CONVERSION = YES;
				CLANG_WARN_INFINITE_RECURSION = YES;
				CLANG_WARN_INT_CONVERSION = YES;
				CLANG_WARN_NON_LITERAL_NULL_CONVERSION = YES;
				CLANG_WARN_OBJC_IMPLICIT_RETAIN_SELF = YES;
				CLANG_WARN_OBJC_LITERAL_CONVERSION = YES;
				CLANG_WARN_OBJC_ROOT_CLASS = YES_ERROR;
				CLANG_WARN_QUOTED_INCLUDE_IN_FRAMEWORK_HEADER = YES;
				CLANG_WARN_RANGE_LOOP_ANALYSIS = YES;
				CLANG_WARN_STRICT_PROTOTYPES = YES;
				CLANG_WARN_SUSPICIOUS_MOVE = YES;
				CLANG_WARN_UNGUARDED_AVAILABILITY = YES_AGGRESSIVE;
				CLANG_WARN_UNREACHABLE_CODE = YES;
				CLANG_WARN__DUPLICATE_METHOD_MATCH = YES;
				COPY_PHASE_STRIP = NO;
				DEBUG_INFORMATION_FORMAT = dwarf;
				ENABLE_STRICT_OBJC_MSGSEND = YES;
				ENABLE_TESTABILITY = YES;
				ENABLE_USER_SCRIPT_SANDBOXING = YES;
				GCC_C_LANGUAGE_STANDARD = gnu17;
				GCC_DYNAMIC_NO_PIC = NO;
				GCC_NO_COMMON_BLOCKS = YES;
				GCC_OPTIMIZATION_LEVEL = 0;
				GCC_PREPROCESSOR_DEFINITIONS = (
					"DEBUG=1",
					"$(inherited)",
				);
				GCC_WARN_64_TO_32_BIT_CONVERSION = YES;
				GCC_WARN_ABOUT_RETURN_TYPE = YES_ERROR;
				GCC_WARN_UNDECLARED_SELECTOR = YES;
				GCC_WARN_UNINITIALIZED_AUTOS = YES_AGGRESSIVE;
				GCC_WARN_UNUSED_FUNCTION = YES;
				GCC_WARN_UNUSED_VARIABLE = YES;
				IPHONEOS_DEPLOYMENT_TARGET = 17.0;
				LOCALIZATION_PREFERS_STRING_CATALOGS = YES;
				MTL_ENABLE_DEBUG_INFO = INCLUDE_SOURCE;
				MTL_FAST_MATH = YES;
				ONLY_ACTIVE_ARCH = YES;
				SDKROOT = iphoneos;
				SWIFT_ACTIVE_COMPILATION_CONDITIONS = "DEBUG $(inherited)";
				SWIFT_OPTIMIZATION_LEVEL = "-Onone";
			};
			name = Debug;
		};
		70C11DFD2B2F3DC200EC3220 /* Release */ = {
			isa = XCBuildConfiguration;
			buildSettings = {
				ALWAYS_SEARCH_USER_PATHS = NO;
				ASSETCATALOG_COMPILER_GENERATE_SWIFT_ASSET_SYMBOL_EXTENSIONS = YES;
				CLANG_ANALYZER_NONNULL = YES;
				CLANG_ANALYZER_NUMBER_OBJECT_CONVERSION = YES_AGGRESSIVE;
				CLANG_CXX_LANGUAGE_STANDARD = "gnu++20";
				CLANG_ENABLE_MODULES = YES;
				CLANG_ENABLE_OBJC_ARC = YES;
				CLANG_ENABLE_OBJC_WEAK = YES;
				CLANG_WARN_BLOCK_CAPTURE_AUTORELEASING = YES;
				CLANG_WARN_BOOL_CONVERSION = YES;
				CLANG_WARN_COMMA = YES;
				CLANG_WARN_CONSTANT_CONVERSION = YES;
				CLANG_WARN_DEPRECATED_OBJC_IMPLEMENTATIONS = YES;
				CLANG_WARN_DIRECT_OBJC_ISA_USAGE = YES_ERROR;
				CLANG_WARN_DOCUMENTATION_COMMENTS = YES;
				CLANG_WARN_EMPTY_BODY = YES;
				CLANG_WARN_ENUM_CONVERSION = YES;
				CLANG_WARN_INFINITE_RECURSION = YES;
				CLANG_WARN_INT_CONVERSION = YES;
				CLANG_WARN_NON_LITERAL_NULL_CONVERSION = YES;
				CLANG_WARN_OBJC_IMPLICIT_RETAIN_SELF = YES;
				CLANG_WARN_OBJC_LITERAL_CONVERSION = YES;
				CLANG_WARN_OBJC_ROOT_CLASS = YES_ERROR;
				CLANG_WARN_QUOTED_INCLUDE_IN_FRAMEWORK_HEADER = YES;
				CLANG_WARN_RANGE_LOOP_ANALYSIS = YES;
				CLANG_WARN_STRICT_PROTOTYPES = YES;
				CLANG_WARN_SUSPICIOUS_MOVE = YES;
				CLANG_WARN_UNGUARDED_AVAILABILITY = YES_AGGRESSIVE;
				CLANG_WARN_UNREACHABLE_CODE = YES;
				CLANG_WARN__DUPLICATE_METHOD_MATCH = YES;
				COPY_PHASE_STRIP = NO;
				DEBUG_INFORMATION_FORMAT = "dwarf-with-dsym";
				ENABLE_NS_ASSERTIONS = NO;
				ENABLE_STRICT_OBJC_MSGSEND = YES;
				ENABLE_USER_SCRIPT_SANDBOXING = YES;
				GCC_C_LANGUAGE_STANDARD = gnu17;
				GCC_NO_COMMON_BLOCKS = YES;
				GCC_WARN_64_TO_32_BIT_CONVERSION = YES;
				GCC_WARN_ABOUT_RETURN_TYPE = YES_ERROR;
				GCC_WARN_UNDECLARED_SELECTOR = YES;
				GCC_WARN_UNINITIALIZED_AUTOS = YES_AGGRESSIVE;
				GCC_WARN_UNUSED_FUNCTION = YES;
				GCC_WARN_UNUSED_VARIABLE = YES;
				IPHONEOS_DEPLOYMENT_TARGET = 17.0;
				LOCALIZATION_PREFERS_STRING_CATALOGS = YES;
				MTL_ENABLE_DEBUG_INFO = NO;
				MTL_FAST_MATH = YES;
				SDKROOT = iphoneos;
				SWIFT_COMPILATION_MODE = wholemodule;
				VALIDATE_PRODUCT = YES;
			};
			name = Release;
		};
		70C11DFF2B2F3DC200EC3220 /* Debug */ = {
			isa = XCBuildConfiguration;
			buildSettings = {
				ASSETCATALOG_COMPILER_APPICON_NAME = AppIcon;
				ASSETCATALOG_COMPILER_GLOBAL_ACCENT_COLOR_NAME = AccentColor;
				CODE_SIGN_STYLE = Automatic;
				CURRENT_PROJECT_VERSION = 1;
				DEVELOPMENT_ASSET_PATHS = "\"Ticket/Preview Content\"";
				DEVELOPMENT_TEAM = K686H3TM72;
				ENABLE_PREVIEWS = YES;
				GENERATE_INFOPLIST_FILE = YES;
				INFOPLIST_KEY_UIApplicationSceneManifest_Generation = YES;
				INFOPLIST_KEY_UIApplicationSupportsIndirectInputEvents = YES;
				INFOPLIST_KEY_UILaunchScreen_Generation = YES;
				INFOPLIST_KEY_UISupportedInterfaceOrientations_iPad = "UIInterfaceOrientationPortrait UIInterfaceOrientationPortraitUpsideDown UIInterfaceOrientationLandscapeLeft UIInterfaceOrientationLandscapeRight";
				INFOPLIST_KEY_UISupportedInterfaceOrientations_iPhone = "UIInterfaceOrientationPortrait UIInterfaceOrientationLandscapeLeft UIInterfaceOrientationLandscapeRight";
				LD_RUNPATH_SEARCH_PATHS = (
					"$(inherited)",
					"@executable_path/Frameworks",
				);
				MARKETING_VERSION = 1.0;
				PRODUCT_BUNDLE_IDENTIFIER = com.mohamedmostafafawzi.Ticket;
				PRODUCT_NAME = "$(TARGET_NAME)";
				SWIFT_EMIT_LOC_STRINGS = YES;
				SWIFT_VERSION = 5.0;
				TARGETED_DEVICE_FAMILY = "1,2";
			};
			name = Debug;
		};
		70C11E002B2F3DC200EC3220 /* Release */ = {
			isa = XCBuildConfiguration;
			buildSettings = {
				ASSETCATALOG_COMPILER_APPICON_NAME = AppIcon;
				ASSETCATALOG_COMPILER_GLOBAL_ACCENT_COLOR_NAME = AccentColor;
				CODE_SIGN_STYLE = Automatic;
				CURRENT_PROJECT_VERSION = 1;
				DEVELOPMENT_ASSET_PATHS = "\"Ticket/Preview Content\"";
				DEVELOPMENT_TEAM = K686H3TM72;
				ENABLE_PREVIEWS = YES;
				GENERATE_INFOPLIST_FILE = YES;
				INFOPLIST_KEY_UIApplicationSceneManifest_Generation = YES;
				INFOPLIST_KEY_UIApplicationSupportsIndirectInputEvents = YES;
				INFOPLIST_KEY_UILaunchScreen_Generation = YES;
				INFOPLIST_KEY_UISupportedInterfaceOrientations_iPad = "UIInterfaceOrientationPortrait UIInterfaceOrientationPortraitUpsideDown UIInterfaceOrientationLandscapeLeft UIInterfaceOrientationLandscapeRight";
				INFOPLIST_KEY_UISupportedInterfaceOrientations_iPhone = "UIInterfaceOrientationPortrait UIInterfaceOrientationLandscapeLeft UIInterfaceOrientationLandscapeRight";
				LD_RUNPATH_SEARCH_PATHS = (
					"$(inherited)",
					"@executable_path/Frameworks",
				);
				MARKETING_VERSION = 1.0;
				PRODUCT_BUNDLE_IDENTIFIER = com.mohamedmostafafawzi.Ticket;
				PRODUCT_NAME = "$(TARGET_NAME)";
				SWIFT_EMIT_LOC_STRINGS = YES;
				SWIFT_VERSION = 5.0;
				TARGETED_DEVICE_FAMILY = "1,2";
			};
			name = Release;
		};
/* End XCBuildConfiguration section */

/* Begin XCConfigurationList section */
		70C11DEB2B2F3DBF00EC3220 /* Build configuration list for PBXProject "Ticket" */ = {
			isa = XCConfigurationList;
			buildConfigurations = (
				70C11DFC2B2F3DC200EC3220 /* Debug */,
				70C11DFD2B2F3DC200EC3220 /* Release */,
			);
			defaultConfigurationIsVisible = 0;
			defaultConfigurationName = Release;
		};
		70C11DFE2B2F3DC200EC3220 /* Build configuration list for PBXNativeTarget "Ticket" */ = {
			isa = XCConfigurationList;
			buildConfigurations = (
				70C11DFF2B2F3DC200EC3220 /* Debug */,
				70C11E002B2F3DC200EC3220 /* Release */,
			);
			defaultConfigurationIsVisible = 0;
			defaultConfigurationName = Release;
		};
/* End XCConfigurationList section */
	};
	rootObject = 70C11DE82B2F3DBF00EC3220 /* Project object */;
}
